
Microsoft Visual Studio Solution File, Format Version 12.00
# Visual Studio 15
VisualStudioVersion = 15.0.26430.4
MinimumVisualStudioVersion = 10.0.40219.1
Project("{FAE04EC0-301F-11D3-BF4B-00C04F79EFBC}") = "Study.MVC", "Study.MVC\Study.MVC.csproj", "{57616487-6642-49C3-8E5D-55BF9049A532}"
EndProject
Project("{FAE04EC0-301F-11D3-BF4B-00C04F79EFBC}") = "MQ", "MQ\MQ.csproj", "{A2E7F2BE-8DFF-45C2-AA84-1BFB8C164A22}"
EndProject
Project("{FAE04EC0-301F-11D3-BF4B-00C04F79EFBC}") = "ASP.NET DEMO", "ASP.NET DEMO\ASP.NET DEMO.csproj", "{BB037E60-DC35-43F7-8350-90AD6F3EE095}"
EndProject
Project("{FAE04EC0-301F-11D3-BF4B-00C04F79EFBC}") = "First Asp.Net Core", "First Asp.Net Core\First Asp.Net Core.csproj", "{2DD8D027-3C2F-4A7C-8E39-C27849820CE9}"
EndProject
Project("{FAE04EC0-301F-11D3-BF4B-00C04F79EFBC}") = "Frameowrk Asp.Net Core", "Frameowrk Asp.Net Core\Frameowrk Asp.Net Core.csproj", "{3D02E523-CB71-48F1-887E-7C3E9BAC0815}"
EndProject
Project("{FAE04EC0-301F-11D3-BF4B-00C04F79EFBC}") = "SignalR.Demo", "SignalR.Demo\SignalR.Demo.csproj", "{BBAE9E6C-2C95-4FE6-B6D1-27130EC33845}"
EndProject
Global
	GlobalSection(SolutionConfigurationPlatforms) = preSolution
		Debug|Any CPU = Debug|Any CPU
		Release|Any CPU = Release|Any CPU
	EndGlobalSection
	GlobalSection(ProjectConfigurationPlatforms) = postSolution
		{57616487-6642-49C3-8E5D-55BF9049A532}.Debug|Any CPU.ActiveCfg = Debug|Any CPU
		{57616487-6642-49C3-8E5D-55BF9049A532}.Debug|Any CPU.Build.0 = Debug|Any CPU
		{57616487-6642-49C3-8E5D-55BF9049A532}.Release|Any CPU.ActiveCfg = Release|Any CPU
		{57616487-6642-49C3-8E5D-55BF9049A532}.Release|Any CPU.Build.0 = Release|Any CPU
		{A2E7F2BE-8DFF-45C2-AA84-1BFB8C164A22}.Debug|Any CPU.ActiveCfg = Debug|Any CPU
		{A2E7F2BE-8DFF-45C2-AA84-1BFB8C164A22}.Debug|Any CPU.Build.0 = Debug|Any CPU
		{A2E7F2BE-8DFF-45C2-AA84-1BFB8C164A22}.Release|Any CPU.ActiveCfg = Release|Any CPU
		{A2E7F2BE-8DFF-45C2-AA84-1BFB8C164A22}.Release|Any CPU.Build.0 = Release|Any CPU
		{BB037E60-DC35-43F7-8350-90AD6F3EE095}.Debug|Any CPU.ActiveCfg = Debug|Any CPU
		{BB037E60-DC35-43F7-8350-90AD6F3EE095}.Debug|Any CPU.Build.0 = Debug|Any CPU
		{BB037E60-DC35-43F7-8350-90AD6F3EE095}.Release|Any CPU.ActiveCfg = Release|Any CPU
		{BB037E60-DC35-43F7-8350-90AD6F3EE095}.Release|Any CPU.Build.0 = Release|Any CPU
		{2DD8D027-3C2F-4A7C-8E39-C27849820CE9}.Debug|Any CPU.ActiveCfg = Debug|Any CPU
		{2DD8D027-3C2F-4A7C-8E39-C27849820CE9}.Debug|Any CPU.Build.0 = Debug|Any CPU
		{2DD8D027-3C2F-4A7C-8E39-C27849820CE9}.Release|Any CPU.ActiveCfg = Release|Any CPU
		{2DD8D027-3C2F-4A7C-8E39-C27849820CE9}.Release|Any CPU.Build.0 = Release|Any CPU
		{3D02E523-CB71-48F1-887E-7C3E9BAC0815}.Debug|Any CPU.ActiveCfg = Debug|Any CPU
		{3D02E523-CB71-48F1-887E-7C3E9BAC0815}.Debug|Any CPU.Build.0 = Debug|Any CPU
		{3D02E523-CB71-48F1-887E-7C3E9BAC0815}.Release|Any CPU.ActiveCfg = Release|Any CPU
		{3D02E523-CB71-48F1-887E-7C3E9BAC0815}.Release|Any CPU.Build.0 = Release|Any CPU
		{BBAE9E6C-2C95-4FE6-B6D1-27130EC33845}.Debug|Any CPU.ActiveCfg = Debug|Any CPU
		{BBAE9E6C-2C95-4FE6-B6D1-27130EC33845}.Debug|Any CPU.Build.0 = Debug|Any CPU
		{BBAE9E6C-2C95-4FE6-B6D1-27130EC33845}.Release|Any CPU.ActiveCfg = Release|Any CPU
		{BBAE9E6C-2C95-4FE6-B6D1-27130EC33845}.Release|Any CPU.Build.0 = Release|Any CPU
	EndGlobalSection
	GlobalSection(SolutionProperties) = preSolution
		HideSolutionNode = FALSE
	EndGlobalSection
EndGlobal
